// !$*UTF8*$!
{
	archiveVersion = 1;
	classes = {
	};
	objectVersion = 50;
	objects = {

/* Begin PBXBuildFile section */
		321A4A3E452DEBF298C8B7D9 /* Pods_ClockMagic.framework in Frameworks */ = {isa = PBXBuildFile; fileRef = FFF974629FC93B4C43D041C6 /* Pods_ClockMagic.framework */; };
		B1FD215A20971D7E00AF26E0 /* AppDelegate.swift in Sources */ = {isa = PBXBuildFile; fileRef = B1FD215920971D7E00AF26E0 /* AppDelegate.swift */; };
		B1FD215C20971D7E00AF26E0 /* ViewController.swift in Sources */ = {isa = PBXBuildFile; fileRef = B1FD215B20971D7E00AF26E0 /* ViewController.swift */; };
		B1FD215F20971D7E00AF26E0 /* Main.storyboard in Resources */ = {isa = PBXBuildFile; fileRef = B1FD215D20971D7E00AF26E0 /* Main.storyboard */; };
		B1FD216120971D7F00AF26E0 /* Assets.xcassets in Resources */ = {isa = PBXBuildFile; fileRef = B1FD216020971D7F00AF26E0 /* Assets.xcassets */; };
		B1FD216420971D7F00AF26E0 /* LaunchScreen.storyboard in Resources */ = {isa = PBXBuildFile; fileRef = B1FD216220971D7F00AF26E0 /* LaunchScreen.storyboard */; };
		B1FD216E2097206F00AF26E0 /* ClockView.swift in Sources */ = {isa = PBXBuildFile; fileRef = B1FD216D2097206F00AF26E0 /* ClockView.swift */; };
		B1FD21702097210200AF26E0 /* ClockStyle.swift in Sources */ = {isa = PBXBuildFile; fileRef = B1FD216F2097210200AF26E0 /* ClockStyle.swift */; };
		B1FD2172209723F900AF26E0 /* Color.swift in Sources */ = {isa = PBXBuildFile; fileRef = B1FD2171209723F900AF26E0 /* Color.swift */; };
		B1FD217420973EA500AF26E0 /* Preferences.swift in Sources */ = {isa = PBXBuildFile; fileRef = B1FD217320973EA500AF26E0 /* Preferences.swift */; };
		B1FD21762097411D00AF26E0 /* BN0032.swift in Sources */ = {isa = PBXBuildFile; fileRef = B1FD21752097411D00AF26E0 /* BN0032.swift */; };
/* End PBXBuildFile section */

/* Begin PBXFileReference section */
		B1FD215620971D7E00AF26E0 /* ClockMagic.app */ = {isa = PBXFileReference; explicitFileType = wrapper.application; includeInIndex = 0; path = ClockMagic.app; sourceTree = BUILT_PRODUCTS_DIR; };
		B1FD215920971D7E00AF26E0 /* AppDelegate.swift */ = {isa = PBXFileReference; lastKnownFileType = sourcecode.swift; path = AppDelegate.swift; sourceTree = "<group>"; };
		B1FD215B20971D7E00AF26E0 /* ViewController.swift */ = {isa = PBXFileReference; lastKnownFileType = sourcecode.swift; path = ViewController.swift; sourceTree = "<group>"; };
		B1FD215E20971D7E00AF26E0 /* Base */ = {isa = PBXFileReference; lastKnownFileType = file.storyboard; name = Base; path = Base.lproj/Main.storyboard; sourceTree = "<group>"; };
		B1FD216020971D7F00AF26E0 /* Assets.xcassets */ = {isa = PBXFileReference; lastKnownFileType = folder.assetcatalog; path = Assets.xcassets; sourceTree = "<group>"; };
		B1FD216320971D7F00AF26E0 /* Base */ = {isa = PBXFileReference; lastKnownFileType = file.storyboard; name = Base; path = Base.lproj/LaunchScreen.storyboard; sourceTree = "<group>"; };
		B1FD216520971D7F00AF26E0 /* Info.plist */ = {isa = PBXFileReference; lastKnownFileType = text.plist.xml; path = Info.plist; sourceTree = "<group>"; };
		B1FD216D2097206F00AF26E0 /* ClockView.swift */ = {isa = PBXFileReference; lastKnownFileType = sourcecode.swift; path = ClockView.swift; sourceTree = "<group>"; };
		B1FD216F2097210200AF26E0 /* ClockStyle.swift */ = {isa = PBXFileReference; lastKnownFileType = sourcecode.swift; path = ClockStyle.swift; sourceTree = "<group>"; };
		B1FD2171209723F900AF26E0 /* Color.swift */ = {isa = PBXFileReference; lastKnownFileType = sourcecode.swift; path = Color.swift; sourceTree = "<group>"; };
		B1FD217320973EA500AF26E0 /* Preferences.swift */ = {isa = PBXFileReference; lastKnownFileType = sourcecode.swift; path = Preferences.swift; sourceTree = "<group>"; };
		B1FD21752097411D00AF26E0 /* BN0032.swift */ = {isa = PBXFileReference; lastKnownFileType = sourcecode.swift; path = BN0032.swift; sourceTree = "<group>"; };
		C4DF63C9CB488A6D6AA7C7FB /* Pods-ClockMagic.debug.xcconfig */ = {isa = PBXFileReference; includeInIndex = 1; lastKnownFileType = text.xcconfig; name = "Pods-ClockMagic.debug.xcconfig"; path = "Pods/Target Support Files/Pods-ClockMagic/Pods-ClockMagic.debug.xcconfig"; sourceTree = "<group>"; };
		E2D50931A74739B0833252EF /* Pods-ClockMagic.release.xcconfig */ = {isa = PBXFileReference; includeInIndex = 1; lastKnownFileType = text.xcconfig; name = "Pods-ClockMagic.release.xcconfig"; path = "Pods/Target Support Files/Pods-ClockMagic/Pods-ClockMagic.release.xcconfig"; sourceTree = "<group>"; };
		FFF974629FC93B4C43D041C6 /* Pods_ClockMagic.framework */ = {isa = PBXFileReference; explicitFileType = wrapper.framework; includeInIndex = 0; path = Pods_ClockMagic.framework; sourceTree = BUILT_PRODUCTS_DIR; };
/* End PBXFileReference section */

/* Begin PBXFrameworksBuildPhase section */
		B1FD215320971D7E00AF26E0 /* Frameworks */ = {
			isa = PBXFrameworksBuildPhase;
			buildActionMask = 2147483647;
			files = (
				321A4A3E452DEBF298C8B7D9 /* Pods_ClockMagic.framework in Frameworks */,
			);
			runOnlyForDeploymentPostprocessing = 0;
		};
/* End PBXFrameworksBuildPhase section */

/* Begin PBXGroup section */
		B1FD214D20971D7D00AF26E0 = {
			isa = PBXGroup;
			children = (
				B1FD215820971D7E00AF26E0 /* ClockMagic */,
				B1FD215720971D7E00AF26E0 /* Products */,
				C8EEF4B180168CABE47AE372 /* Pods */,
				D0F74C116F76B009B15136EB /* Frameworks */,
			);
			sourceTree = "<group>";
		};
		B1FD215720971D7E00AF26E0 /* Products */ = {
			isa = PBXGroup;
			children = (
				B1FD215620971D7E00AF26E0 /* ClockMagic.app */,
			);
			name = Products;
			sourceTree = "<group>";
		};
		B1FD215820971D7E00AF26E0 /* ClockMagic */ = {
			isa = PBXGroup;
			children = (
				B1FD215920971D7E00AF26E0 /* AppDelegate.swift */,
				B1FD215B20971D7E00AF26E0 /* ViewController.swift */,
				B1FD215D20971D7E00AF26E0 /* Main.storyboard */,
				B1FD216D2097206F00AF26E0 /* ClockView.swift */,
				B1FD21752097411D00AF26E0 /* BN0032.swift */,
				B1FD217320973EA500AF26E0 /* Preferences.swift */,
				B1FD216F2097210200AF26E0 /* ClockStyle.swift */,
				B1FD2171209723F900AF26E0 /* Color.swift */,
				B1FD216020971D7F00AF26E0 /* Assets.xcassets */,
				B1FD216220971D7F00AF26E0 /* LaunchScreen.storyboard */,
				B1FD216520971D7F00AF26E0 /* Info.plist */,
			);
			path = ClockMagic;
			sourceTree = "<group>";
		};
		C8EEF4B180168CABE47AE372 /* Pods */ = {
			isa = PBXGroup;
			children = (
				C4DF63C9CB488A6D6AA7C7FB /* Pods-ClockMagic.debug.xcconfig */,
				E2D50931A74739B0833252EF /* Pods-ClockMagic.release.xcconfig */,
			);
			name = Pods;
			sourceTree = "<group>";
		};
		D0F74C116F76B009B15136EB /* Frameworks */ = {
			isa = PBXGroup;
			children = (
				FFF974629FC93B4C43D041C6 /* Pods_ClockMagic.framework */,
			);
			name = Frameworks;
			sourceTree = "<group>";
		};
/* End PBXGroup section */

/* Begin PBXNativeTarget section */
		B1FD215520971D7E00AF26E0 /* ClockMagic */ = {
			isa = PBXNativeTarget;
			buildConfigurationList = B1FD216820971D7F00AF26E0 /* Build configuration list for PBXNativeTarget "ClockMagic" */;
			buildPhases = (
				E541D00A74934F2D43ADAC98 /* [CP] Check Pods Manifest.lock */,
				B1FD215220971D7E00AF26E0 /* Sources */,
				B1FD215320971D7E00AF26E0 /* Frameworks */,
				B1FD215420971D7E00AF26E0 /* Resources */,
				3D25A7BBBBA08A05E187C5F3 /* [CP] Embed Pods Frameworks */,
				42A3A4DE962102008056A5A3 /* [CP] Copy Pods Resources */,
			);
			buildRules = (
			);
			dependencies = (
			);
			name = ClockMagic;
			productName = ClockMagic;
			productReference = B1FD215620971D7E00AF26E0 /* ClockMagic.app */;
			productType = "com.apple.product-type.application";
		};
/* End PBXNativeTarget section */

/* Begin PBXProject section */
		B1FD214E20971D7D00AF26E0 /* Project object */ = {
			isa = PBXProject;
			attributes = {
				LastSwiftUpdateCheck = 0930;
				LastUpgradeCheck = 0930;
				ORGANIZATIONNAME = "H Hugo Falkman";
				TargetAttributes = {
					B1FD215520971D7E00AF26E0 = {
						CreatedOnToolsVersion = 9.3;
					};
				};
			};
			buildConfigurationList = B1FD215120971D7D00AF26E0 /* Build configuration list for PBXProject "ClockMagic" */;
			compatibilityVersion = "Xcode 9.3";
			developmentRegion = en;
			hasScannedForEncodings = 0;
			knownRegions = (
				en,
				Base,
			);
			mainGroup = B1FD214D20971D7D00AF26E0;
			productRefGroup = B1FD215720971D7E00AF26E0 /* Products */;
			projectDirPath = "";
			projectRoot = "";
			targets = (
				B1FD215520971D7E00AF26E0 /* ClockMagic */,
			);
		};
/* End PBXProject section */

/* Begin PBXResourcesBuildPhase section */
		B1FD215420971D7E00AF26E0 /* Resources */ = {
			isa = PBXResourcesBuildPhase;
			buildActionMask = 2147483647;
			files = (
				B1FD216420971D7F00AF26E0 /* LaunchScreen.storyboard in Resources */,
				B1FD216120971D7F00AF26E0 /* Assets.xcassets in Resources */,
				B1FD215F20971D7E00AF26E0 /* Main.storyboard in Resources */,
			);
			runOnlyForDeploymentPostprocessing = 0;
		};
/* End PBXResourcesBuildPhase section */

/* Begin PBXShellScriptBuildPhase section */
		3D25A7BBBBA08A05E187C5F3 /* [CP] Embed Pods Frameworks */ = {
			isa = PBXShellScriptBuildPhase;
			buildActionMask = 2147483647;
			files = (
			);
			inputPaths = (
				"${SRCROOT}/Pods/Target Support Files/Pods-ClockMagic/Pods-ClockMagic-frameworks.sh",
				"${BUILT_PRODUCTS_DIR}/GTMOAuth2/GTMOAuth2.framework",
				"${BUILT_PRODUCTS_DIR}/GTMSessionFetcher/GTMSessionFetcher.framework",
				"${BUILT_PRODUCTS_DIR}/GoogleAPIClientForREST/GoogleAPIClientForREST.framework",
				"${BUILT_PRODUCTS_DIR}/GoogleToolboxForMac/GoogleToolboxForMac.framework",
			);
			name = "[CP] Embed Pods Frameworks";
			outputPaths = (
				"${TARGET_BUILD_DIR}/${FRAMEWORKS_FOLDER_PATH}/GTMOAuth2.framework",
				"${TARGET_BUILD_DIR}/${FRAMEWORKS_FOLDER_PATH}/GTMSessionFetcher.framework",
				"${TARGET_BUILD_DIR}/${FRAMEWORKS_FOLDER_PATH}/GoogleAPIClientForREST.framework",
				"${TARGET_BUILD_DIR}/${FRAMEWORKS_FOLDER_PATH}/GoogleToolboxForMac.framework",
			);
			runOnlyForDeploymentPostprocessing = 0;
			shellPath = /bin/sh;
			shellScript = "\"${SRCROOT}/Pods/Target Support Files/Pods-ClockMagic/Pods-ClockMagic-frameworks.sh\"\n";
			showEnvVarsInLog = 0;
		};
		42A3A4DE962102008056A5A3 /* [CP] Copy Pods Resources */ = {
			isa = PBXShellScriptBuildPhase;
			buildActionMask = 2147483647;
			files = (
			);
			inputPaths = (
				"${SRCROOT}/Pods/Target Support Files/Pods-ClockMagic/Pods-ClockMagic-resources.sh",
				"${PODS_ROOT}/GoogleSignIn/Resources/GoogleSignIn.bundle",
			);
			name = "[CP] Copy Pods Resources";
			outputPaths = (
				"${TARGET_BUILD_DIR}/${UNLOCALIZED_RESOURCES_FOLDER_PATH}/GoogleSignIn.bundle",
			);
			runOnlyForDeploymentPostprocessing = 0;
			shellPath = /bin/sh;
			shellScript = "\"${SRCROOT}/Pods/Target Support Files/Pods-ClockMagic/Pods-ClockMagic-resources.sh\"\n";
			showEnvVarsInLog = 0;
		};
		E541D00A74934F2D43ADAC98 /* [CP] Check Pods Manifest.lock */ = {
			isa = PBXShellScriptBuildPhase;
			buildActionMask = 2147483647;
			files = (
			);
			inputPaths = (
				"${PODS_PODFILE_DIR_PATH}/Podfile.lock",
				"${PODS_ROOT}/Manifest.lock",
			);
			name = "[CP] Check Pods Manifest.lock";
			outputPaths = (
				"$(DERIVED_FILE_DIR)/Pods-ClockMagic-checkManifestLockResult.txt",
			);
			runOnlyForDeploymentPostprocessing = 0;
			shellPath = /bin/sh;
			shellScript = "diff \"${PODS_PODFILE_DIR_PATH}/Podfile.lock\" \"${PODS_ROOT}/Manifest.lock\" > /dev/null\nif [ $? != 0 ] ; then\n    # print error to STDERR\n    echo \"error: The sandbox is not in sync with the Podfile.lock. Run 'pod install' or update your CocoaPods installation.\" >&2\n    exit 1\nfi\n# This output is used by Xcode 'outputs' to avoid re-running this script phase.\necho \"SUCCESS\" > \"${SCRIPT_OUTPUT_FILE_0}\"\n";
			showEnvVarsInLog = 0;
		};
/* End PBXShellScriptBuildPhase section */

/* Begin PBXSourcesBuildPhase section */
		B1FD215220971D7E00AF26E0 /* Sources */ = {
			isa = PBXSourcesBuildPhase;
			buildActionMask = 2147483647;
			files = (
				B1FD21702097210200AF26E0 /* ClockStyle.swift in Sources */,
				B1FD215C20971D7E00AF26E0 /* ViewController.swift in Sources */,
				B1FD217420973EA500AF26E0 /* Preferences.swift in Sources */,
				B1FD216E2097206F00AF26E0 /* ClockView.swift in Sources */,
				B1FD21762097411D00AF26E0 /* BN0032.swift in Sources */,
				B1FD2172209723F900AF26E0 /* Color.swift in Sources */,
				B1FD215A20971D7E00AF26E0 /* AppDelegate.swift in Sources */,
			);
			runOnlyForDeploymentPostprocessing = 0;
		};
/* End PBXSourcesBuildPhase section */

/* Begin PBXVariantGroup section */
		B1FD215D20971D7E00AF26E0 /* Main.storyboard */ = {
			isa = PBXVariantGroup;
			children = (
				B1FD215E20971D7E00AF26E0 /* Base */,
			);
			name = Main.storyboard;
			sourceTree = "<group>";
		};
		B1FD216220971D7F00AF26E0 /* LaunchScreen.storyboard */ = {
			isa = PBXVariantGroup;
			children = (
				B1FD216320971D7F00AF26E0 /* Base */,
			);
			name = LaunchScreen.storyboard;
			sourceTree = "<group>";
		};
/* End PBXVariantGroup section */

/* Begin XCBuildConfiguration section */
		B1FD216620971D7F00AF26E0 /* Debug */ = {
			isa = XCBuildConfiguration;
			buildSettings = {
				ALWAYS_SEARCH_USER_PATHS = NO;
				CLANG_ANALYZER_NONNULL = YES;
				CLANG_ANALYZER_NUMBER_OBJECT_CONVERSION = YES_AGGRESSIVE;
				CLANG_CXX_LANGUAGE_STANDARD = "gnu++14";
				CLANG_CXX_LIBRARY = "libc++";
				CLANG_ENABLE_MODULES = YES;
				CLANG_ENABLE_OBJC_ARC = YES;
				CLANG_ENABLE_OBJC_WEAK = YES;
				CLANG_WARN_BLOCK_CAPTURE_AUTORELEASING = YES;
				CLANG_WARN_BOOL_CONVERSION = YES;
				CLANG_WARN_COMMA = YES;
				CLANG_WARN_CONSTANT_CONVERSION = YES;
				CLANG_WARN_DEPRECATED_OBJC_IMPLEMENTATIONS = YES;
				CLANG_WARN_DIRECT_OBJC_ISA_USAGE = YES_ERROR;
				CLANG_WARN_DOCUMENTATION_COMMENTS = YES;
				CLANG_WARN_EMPTY_BODY = YES;
				CLANG_WARN_ENUM_CONVERSION = YES;
				CLANG_WARN_INFINITE_RECURSION = YES;
				CLANG_WARN_INT_CONVERSION = YES;
				CLANG_WARN_NON_LITERAL_NULL_CONVERSION = YES;
				CLANG_WARN_OBJC_IMPLICIT_RETAIN_SELF = YES;
				CLANG_WARN_OBJC_LITERAL_CONVERSION = YES;
				CLANG_WARN_OBJC_ROOT_CLASS = YES_ERROR;
				CLANG_WARN_RANGE_LOOP_ANALYSIS = YES;
				CLANG_WARN_STRICT_PROTOTYPES = YES;
				CLANG_WARN_SUSPICIOUS_MOVE = YES;
				CLANG_WARN_UNGUARDED_AVAILABILITY = YES_AGGRESSIVE;
				CLANG_WARN_UNREACHABLE_CODE = YES;
				CLANG_WARN__DUPLICATE_METHOD_MATCH = YES;
				CODE_SIGN_IDENTITY = "iPhone Developer";
				COPY_PHASE_STRIP = NO;
				DEBUG_INFORMATION_FORMAT = dwarf;
				ENABLE_STRICT_OBJC_MSGSEND = YES;
				ENABLE_TESTABILITY = YES;
				GCC_C_LANGUAGE_STANDARD = gnu11;
				GCC_DYNAMIC_NO_PIC = NO;
				GCC_NO_COMMON_BLOCKS = YES;
				GCC_OPTIMIZATION_LEVEL = 0;
				GCC_PREPROCESSOR_DEFINITIONS = (
					"DEBUG=1",
					"$(inherited)",
				);
				GCC_WARN_64_TO_32_BIT_CONVERSION = YES;
				GCC_WARN_ABOUT_RETURN_TYPE = YES_ERROR;
				GCC_WARN_UNDECLARED_SELECTOR = YES;
				GCC_WARN_UNINITIALIZED_AUTOS = YES_AGGRESSIVE;
				GCC_WARN_UNUSED_FUNCTION = YES;
				GCC_WARN_UNUSED_VARIABLE = YES;
				IPHONEOS_DEPLOYMENT_TARGET = 11.3;
				MTL_ENABLE_DEBUG_INFO = YES;
				ONLY_ACTIVE_ARCH = YES;
				SDKROOT = iphoneos;
				SWIFT_ACTIVE_COMPILATION_CONDITIONS = DEBUG;
				SWIFT_OPTIMIZATION_LEVEL = "-Onone";
			};
			name = Debug;
		};
		B1FD216720971D7F00AF26E0 /* Release */ = {
			isa = XCBuildConfiguration;
			buildSettings = {
				ALWAYS_SEARCH_USER_PATHS = NO;
				CLANG_ANALYZER_NONNULL = YES;
				CLANG_ANALYZER_NUMBER_OBJECT_CONVERSION = YES_AGGRESSIVE;
				CLANG_CXX_LANGUAGE_STANDARD = "gnu++14";
				CLANG_CXX_LIBRARY = "libc++";
				CLANG_ENABLE_MODULES = YES;
				CLANG_ENABLE_OBJC_ARC = YES;
				CLANG_ENABLE_OBJC_WEAK = YES;
				CLANG_WARN_BLOCK_CAPTURE_AUTORELEASING = YES;
				CLANG_WARN_BOOL_CONVERSION = YES;
				CLANG_WARN_COMMA = YES;
				CLANG_WARN_CONSTANT_CONVERSION = YES;
				CLANG_WARN_DEPRECATED_OBJC_IMPLEMENTATIONS = YES;
				CLANG_WARN_DIRECT_OBJC_ISA_USAGE = YES_ERROR;
				CLANG_WARN_DOCUMENTATION_COMMENTS = YES;
				CLANG_WARN_EMPTY_BODY = YES;
				CLANG_WARN_ENUM_CONVERSION = YES;
				CLANG_WARN_INFINITE_RECURSION = YES;
				CLANG_WARN_INT_CONVERSION = YES;
				CLANG_WARN_NON_LITERAL_NULL_CONVERSION = YES;
				CLANG_WARN_OBJC_IMPLICIT_RETAIN_SELF = YES;
				CLANG_WARN_OBJC_LITERAL_CONVERSION = YES;
				CLANG_WARN_OBJC_ROOT_CLASS = YES_ERROR;
				CLANG_WARN_RANGE_LOOP_ANALYSIS = YES;
				CLANG_WARN_STRICT_PROTOTYPES = YES;
				CLANG_WARN_SUSPICIOUS_MOVE = YES;
				CLANG_WARN_UNGUARDED_AVAILABILITY = YES_AGGRESSIVE;
				CLANG_WARN_UNREACHABLE_CODE = YES;
				CLANG_WARN__DUPLICATE_METHOD_MATCH = YES;
				CODE_SIGN_IDENTITY = "iPhone Developer";
				COPY_PHASE_STRIP = NO;
				DEBUG_INFORMATION_FORMAT = "dwarf-with-dsym";
				ENABLE_NS_ASSERTIONS = NO;
				ENABLE_STRICT_OBJC_MSGSEND = YES;
				GCC_C_LANGUAGE_STANDARD = gnu11;
				GCC_NO_COMMON_BLOCKS = YES;
				GCC_WARN_64_TO_32_BIT_CONVERSION = YES;
				GCC_WARN_ABOUT_RETURN_TYPE = YES_ERROR;
				GCC_WARN_UNDECLARED_SELECTOR = YES;
				GCC_WARN_UNINITIALIZED_AUTOS = YES_AGGRESSIVE;
				GCC_WARN_UNUSED_FUNCTION = YES;
				GCC_WARN_UNUSED_VARIABLE = YES;
				IPHONEOS_DEPLOYMENT_TARGET = 11.3;
				MTL_ENABLE_DEBUG_INFO = NO;
				SDKROOT = iphoneos;
				SWIFT_COMPILATION_MODE = wholemodule;
				SWIFT_OPTIMIZATION_LEVEL = "-O";
				VALIDATE_PRODUCT = YES;
			};
			name = Release;
		};
		B1FD216920971D7F00AF26E0 /* Debug */ = {
			isa = XCBuildConfiguration;
			baseConfigurationReference = C4DF63C9CB488A6D6AA7C7FB /* Pods-ClockMagic.debug.xcconfig */;
			buildSettings = {
				ASSETCATALOG_COMPILER_APPICON_NAME = AppIcon;
				CODE_SIGN_IDENTITY = "iPhone Developer";
				CODE_SIGN_STYLE = Automatic;
				DEVELOPMENT_TEAM = CAE4XXMP5G;
				INFOPLIST_FILE = ClockMagic/Info.plist;
				IPHONEOS_DEPLOYMENT_TARGET = 9.3;
				LD_RUNPATH_SEARCH_PATHS = (
					"$(inherited)",
					"@executable_path/Frameworks",
				);
				PRODUCT_BUNDLE_IDENTIFIER = com.hhugofalkman.ClockMagic;
				PRODUCT_NAME = "$(TARGET_NAME)";
				PROVISIONING_PROFILE_SPECIFIER = "";
				SWIFT_VERSION = 4.0;
				TARGETED_DEVICE_FAMILY = "1,2";
			};
			name = Debug;
		};
		B1FD216A20971D7F00AF26E0 /* Release */ = {
			isa = XCBuildConfiguration;
			baseConfigurationReference = E2D50931A74739B0833252EF /* Pods-ClockMagic.release.xcconfig */;
			buildSettings = {
				ASSETCATALOG_COMPILER_APPICON_NAME = AppIcon;
				CODE_SIGN_IDENTITY = "iPhone Developer";
				CODE_SIGN_STYLE = Automatic;
				DEVELOPMENT_TEAM = CAE4XXMP5G;
				INFOPLIST_FILE = ClockMagic/Info.plist;
				IPHONEOS_DEPLOYMENT_TARGET = 9.3;
				LD_RUNPATH_SEARCH_PATHS = (
					"$(inherited)",
					"@executable_path/Frameworks",
				);
				PRODUCT_BUNDLE_IDENTIFIER = com.hhugofalkman.ClockMagic;
				PRODUCT_NAME = "$(TARGET_NAME)";
				PROVISIONING_PROFILE_SPECIFIER = "";
				SWIFT_VERSION = 4.0;
				TARGETED_DEVICE_FAMILY = "1,2";
			};
			name = Release;
		};
/* End XCBuildConfiguration section */

/* Begin XCConfigurationList section */
		B1FD215120971D7D00AF26E0 /* Build configuration list for PBXProject "ClockMagic" */ = {
			isa = XCConfigurationList;
			buildConfigurations = (
				B1FD216620971D7F00AF26E0 /* Debug */,
				B1FD216720971D7F00AF26E0 /* Release */,
			);
			defaultConfigurationIsVisible = 0;
			defaultConfigurationName = Release;
		};
		B1FD216820971D7F00AF26E0 /* Build configuration list for PBXNativeTarget "ClockMagic" */ = {
			isa = XCConfigurationList;
			buildConfigurations = (
				B1FD216920971D7F00AF26E0 /* Debug */,
				B1FD216A20971D7F00AF26E0 /* Release */,
			);
			defaultConfigurationIsVisible = 0;
			defaultConfigurationName = Release;
		};
/* End XCConfigurationList section */
	};
	rootObject = B1FD214E20971D7D00AF26E0 /* Project object */;
}
